
Microsoft Visual Studio Solution File, Format Version 12.00
# Visual Studio Version 17
VisualStudioVersion = 17.8.34316.72
MinimumVisualStudioVersion = 10.0.40219.1
Project("{FAE04EC0-301F-11D3-BF4B-00C04F79EFBC}") = "SimpleBankingTransaction", "SimpleBankingTransaction.csproj", "{3CF6E5E9-9491-40D2-B3F6-21442A16812A}"
EndProject
Global
	GlobalSection(SolutionConfigurationPlatforms) = preSolution
		Debug|Any CPU = Debug|Any CPU
		Release|Any CPU = Release|Any CPU
	EndGlobalSection
	GlobalSection(ProjectConfigurationPlatforms) = postSolution
		{3CF6E5E9-9491-40D2-B3F6-21442A16812A}.Debug|Any CPU.ActiveCfg = Debug|Any CPU
		{3CF6E5E9-9491-40D2-B3F6-21442A16812A}.Debug|Any CPU.Build.0 = Debug|Any CPU
		{3CF6E5E9-9491-40D2-B3F6-21442A16812A}.Release|Any CPU.ActiveCfg = Release|Any CPU
		{3CF6E5E9-9491-40D2-B3F6-21442A16812A}.Release|Any CPU.Build.0 = Release|Any CPU
	EndGlobalSection
	GlobalSection(SolutionProperties) = preSolution
		HideSolutionNode = FALSE
	EndGlobalSection
	GlobalSection(ExtensibilityGlobals) = postSolution
		SolutionGuid = {C31491A2-9403-4A6E-B9BE-DFB990ECB10D}
	EndGlobalSection
EndGlobal
